
Microsoft Visual Studio Solution File, Format Version 12.00
# Visual Studio Version 17
VisualStudioVersion = 17.0.32112.339
MinimumVisualStudioVersion = 10.0.40219.1
Project("{2150E333-8FDC-42A3-9474-1A3956D46DE8}") = "src", "src", "{E828593D-A27E-4535-9FF2-A2A2E92B48F6}"
EndProject
Project("{9A19103F-16F7-4668-BE54-9A1E7A4F7556}") = "KS3", "src\KS3\KS3.csproj", "{ABE15B2A-B632-4D9E-BD94-2FBDA52426E7}"
EndProject
Project("{2150E333-8FDC-42A3-9474-1A3956D46DE8}") = "sample", "sample", "{C607AD2B-59D8-4C37-B463-EABB43572FE0}"
EndProject
Project("{FAE04EC0-301F-11D3-BF4B-00C04F79EFBC}") = "KS3Sample", "sample\KS3Sample\KS3Sample.csproj", "{40136AFF-945A-403A-8C11-0DE6F44E57FC}"
EndProject
Global
	GlobalSection(SolutionConfigurationPlatforms) = preSolution
		Debug|Any CPU = Debug|Any CPU
		Release|Any CPU = Release|Any CPU
	EndGlobalSection
	GlobalSection(ProjectConfigurationPlatforms) = postSolution
		{ABE15B2A-B632-4D9E-BD94-2FBDA52426E7}.Debug|Any CPU.ActiveCfg = Debug|Any CPU
		{ABE15B2A-B632-4D9E-BD94-2FBDA52426E7}.Debug|Any CPU.Build.0 = Debug|Any CPU
		{ABE15B2A-B632-4D9E-BD94-2FBDA52426E7}.Release|Any CPU.ActiveCfg = Release|Any CPU
		{ABE15B2A-B632-4D9E-BD94-2FBDA52426E7}.Release|Any CPU.Build.0 = Release|Any CPU
		{40136AFF-945A-403A-8C11-0DE6F44E57FC}.Debug|Any CPU.ActiveCfg = Debug|Any CPU
		{40136AFF-945A-403A-8C11-0DE6F44E57FC}.Debug|Any CPU.Build.0 = Debug|Any CPU
		{40136AFF-945A-403A-8C11-0DE6F44E57FC}.Release|Any CPU.ActiveCfg = Release|Any CPU
		{40136AFF-945A-403A-8C11-0DE6F44E57FC}.Release|Any CPU.Build.0 = Release|Any CPU
	EndGlobalSection
	GlobalSection(SolutionProperties) = preSolution
		HideSolutionNode = FALSE
	EndGlobalSection
	GlobalSection(NestedProjects) = preSolution
		{ABE15B2A-B632-4D9E-BD94-2FBDA52426E7} = {E828593D-A27E-4535-9FF2-A2A2E92B48F6}
		{40136AFF-945A-403A-8C11-0DE6F44E57FC} = {C607AD2B-59D8-4C37-B463-EABB43572FE0}
	EndGlobalSection
	GlobalSection(ExtensibilityGlobals) = postSolution
		SolutionGuid = {6823007F-05E3-4DCD-8E12-01573F39327B}
	EndGlobalSection
EndGlobal
