
Microsoft Visual Studio Solution File, Format Version 12.00
# Visual Studio 2012
Project("{FAE04EC0-301F-11D3-BF4B-00C04F79EFBC}") = "KS3", "KS3.csproj", "{6589DD45-643C-43B8-8D30-54D1FF82467F}"
EndProject
Project("{FAE04EC0-301F-11D3-BF4B-00C04F79EFBC}") = "KS3FormSample", "..\KS3FormSample\KS3FormSample.csproj", "{1C38CABC-2F9A-4EBA-A646-0D6AA3ED7990}"
EndProject
Project("{FAE04EC0-301F-11D3-BF4B-00C04F79EFBC}") = "KS3Sample", "..\KS3Sample\KS3Sample.csproj", "{94E1EC0F-7243-47D9-B6DA-FC972DE7C4E7}"
EndProject
Global
	GlobalSection(SolutionConfigurationPlatforms) = preSolution
		Debug|Any CPU = Debug|Any CPU
		Debug|Mixed Platforms = Debug|Mixed Platforms
		Debug|x86 = Debug|x86
		Release|Any CPU = Release|Any CPU
		Release|Mixed Platforms = Release|Mixed Platforms
		Release|x86 = Release|x86
	EndGlobalSection
	GlobalSection(ProjectConfigurationPlatforms) = postSolution
		{6589DD45-643C-43B8-8D30-54D1FF82467F}.Debug|Any CPU.ActiveCfg = Debug|x86
		{6589DD45-643C-43B8-8D30-54D1FF82467F}.Debug|Mixed Platforms.ActiveCfg = Debug|x86
		{6589DD45-643C-43B8-8D30-54D1FF82467F}.Debug|Mixed Platforms.Build.0 = Debug|x86
		{6589DD45-643C-43B8-8D30-54D1FF82467F}.Debug|x86.ActiveCfg = Debug|x86
		{6589DD45-643C-43B8-8D30-54D1FF82467F}.Debug|x86.Build.0 = Debug|x86
		{6589DD45-643C-43B8-8D30-54D1FF82467F}.Release|Any CPU.ActiveCfg = Release|x86
		{6589DD45-643C-43B8-8D30-54D1FF82467F}.Release|Mixed Platforms.ActiveCfg = Release|x86
		{6589DD45-643C-43B8-8D30-54D1FF82467F}.Release|Mixed Platforms.Build.0 = Release|x86
		{6589DD45-643C-43B8-8D30-54D1FF82467F}.Release|x86.ActiveCfg = Release|x86
		{6589DD45-643C-43B8-8D30-54D1FF82467F}.Release|x86.Build.0 = Release|x86
		{1C38CABC-2F9A-4EBA-A646-0D6AA3ED7990}.Debug|Any CPU.ActiveCfg = Debug|x86
		{1C38CABC-2F9A-4EBA-A646-0D6AA3ED7990}.Debug|Mixed Platforms.ActiveCfg = Debug|x86
		{1C38CABC-2F9A-4EBA-A646-0D6AA3ED7990}.Debug|Mixed Platforms.Build.0 = Debug|x86
		{1C38CABC-2F9A-4EBA-A646-0D6AA3ED7990}.Debug|x86.ActiveCfg = Debug|x86
		{1C38CABC-2F9A-4EBA-A646-0D6AA3ED7990}.Debug|x86.Build.0 = Debug|x86
		{1C38CABC-2F9A-4EBA-A646-0D6AA3ED7990}.Release|Any CPU.ActiveCfg = Release|x86
		{1C38CABC-2F9A-4EBA-A646-0D6AA3ED7990}.Release|Mixed Platforms.ActiveCfg = Release|x86
		{1C38CABC-2F9A-4EBA-A646-0D6AA3ED7990}.Release|Mixed Platforms.Build.0 = Release|x86
		{1C38CABC-2F9A-4EBA-A646-0D6AA3ED7990}.Release|x86.ActiveCfg = Release|x86
		{1C38CABC-2F9A-4EBA-A646-0D6AA3ED7990}.Release|x86.Build.0 = Release|x86
		{94E1EC0F-7243-47D9-B6DA-FC972DE7C4E7}.Debug|Any CPU.ActiveCfg = Debug|x86
		{94E1EC0F-7243-47D9-B6DA-FC972DE7C4E7}.Debug|Mixed Platforms.ActiveCfg = Debug|x86
		{94E1EC0F-7243-47D9-B6DA-FC972DE7C4E7}.Debug|Mixed Platforms.Build.0 = Debug|x86
		{94E1EC0F-7243-47D9-B6DA-FC972DE7C4E7}.Debug|x86.ActiveCfg = Debug|x86
		{94E1EC0F-7243-47D9-B6DA-FC972DE7C4E7}.Debug|x86.Build.0 = Debug|x86
		{94E1EC0F-7243-47D9-B6DA-FC972DE7C4E7}.Release|Any CPU.ActiveCfg = Release|x86
		{94E1EC0F-7243-47D9-B6DA-FC972DE7C4E7}.Release|Mixed Platforms.ActiveCfg = Release|x86
		{94E1EC0F-7243-47D9-B6DA-FC972DE7C4E7}.Release|Mixed Platforms.Build.0 = Release|x86
		{94E1EC0F-7243-47D9-B6DA-FC972DE7C4E7}.Release|x86.ActiveCfg = Release|x86
		{94E1EC0F-7243-47D9-B6DA-FC972DE7C4E7}.Release|x86.Build.0 = Release|x86
	EndGlobalSection
	GlobalSection(SolutionProperties) = preSolution
		HideSolutionNode = FALSE
	EndGlobalSection
EndGlobal
